// !$*UTF8*$!
{
	archiveVersion = 1;
	classes = {
	};
	objectVersion = 50;
	objects = {

/* Begin PBXBuildFile section */
		1772AE7B209BE6AE00A0278C /* AppDelegate.swift in Sources */ = {isa = PBXBuildFile; fileRef = 1772AE7A209BE6AE00A0278C /* AppDelegate.swift */; };
		1772AE7D209BE6AE00A0278C /* ViewController.swift in Sources */ = {isa = PBXBuildFile; fileRef = 1772AE7C209BE6AE00A0278C /* ViewController.swift */; };
		1772AE80209BE6AE00A0278C /* Main.storyboard in Resources */ = {isa = PBXBuildFile; fileRef = 1772AE7E209BE6AE00A0278C /* Main.storyboard */; };
		1772AE82209BE6B200A0278C /* Assets.xcassets in Resources */ = {isa = PBXBuildFile; fileRef = 1772AE81209BE6B200A0278C /* Assets.xcassets */; };
		1772AE85209BE6B200A0278C /* LaunchScreen.storyboard in Resources */ = {isa = PBXBuildFile; fileRef = 1772AE83209BE6B200A0278C /* LaunchScreen.storyboard */; };
		1772AE90209BE6B200A0278C /* gitTestTests.swift in Sources */ = {isa = PBXBuildFile; fileRef = 1772AE8F209BE6B200A0278C /* gitTestTests.swift */; };
		1772AE9B209BE6B200A0278C /* gitTestUITests.swift in Sources */ = {isa = PBXBuildFile; fileRef = 1772AE9A209BE6B200A0278C /* gitTestUITests.swift */; };
/* End PBXBuildFile section */

/* Begin PBXContainerItemProxy section */
		1772AE8C209BE6B200A0278C /* PBXContainerItemProxy */ = {
			isa = PBXContainerItemProxy;
			containerPortal = 1772AE6F209BE6AE00A0278C /* Project object */;
			proxyType = 1;
			remoteGlobalIDString = 1772AE76209BE6AE00A0278C;
			remoteInfo = gitTest;
		};
		1772AE97209BE6B200A0278C /* PBXContainerItemProxy */ = {
			isa = PBXContainerItemProxy;
			containerPortal = 1772AE6F209BE6AE00A0278C /* Project object */;
			proxyType = 1;
			remoteGlobalIDString = 1772AE76209BE6AE00A0278C;
			remoteInfo = gitTest;
		};
/* End PBXContainerItemProxy section */

/* Begin PBXFileReference section */
		1772AE77209BE6AE00A0278C /* gitTest.app */ = {isa = PBXFileReference; explicitFileType = wrapper.application; includeInIndex = 0; path = gitTest.app; sourceTree = BUILT_PRODUCTS_DIR; };
		1772AE7A209BE6AE00A0278C /* AppDelegate.swift */ = {isa = PBXFileReference; lastKnownFileType = sourcecode.swift; path = AppDelegate.swift; sourceTree = "<group>"; };
		1772AE7C209BE6AE00A0278C /* ViewController.swift */ = {isa = PBXFileReference; lastKnownFileType = sourcecode.swift; path = ViewController.swift; sourceTree = "<group>"; };
		1772AE7F209BE6AE00A0278C /* Base */ = {isa = PBXFileReference; lastKnownFileType = file.storyboard; name = Base; path = Base.lproj/Main.storyboard; sourceTree = "<group>"; };
		1772AE81209BE6B200A0278C /* Assets.xcassets */ = {isa = PBXFileReference; lastKnownFileType = folder.assetcatalog; path = Assets.xcassets; sourceTree = "<group>"; };
		1772AE84209BE6B200A0278C /* Base */ = {isa = PBXFileReference; lastKnownFileType = file.storyboard; name = Base; path = Base.lproj/LaunchScreen.storyboard; sourceTree = "<group>"; };
		1772AE86209BE6B200A0278C /* Info.plist */ = {isa = PBXFileReference; lastKnownFileType = text.plist.xml; path = Info.plist; sourceTree = "<group>"; };
		1772AE8B209BE6B200A0278C /* gitTestTests.xctest */ = {isa = PBXFileReference; explicitFileType = wrapper.cfbundle; includeInIndex = 0; path = gitTestTests.xctest; sourceTree = BUILT_PRODUCTS_DIR; };
		1772AE8F209BE6B200A0278C /* gitTestTests.swift */ = {isa = PBXFileReference; lastKnownFileType = sourcecode.swift; path = gitTestTests.swift; sourceTree = "<group>"; };
		1772AE91209BE6B200A0278C /* Info.plist */ = {isa = PBXFileReference; lastKnownFileType = text.plist.xml; path = Info.plist; sourceTree = "<group>"; };
		1772AE96209BE6B200A0278C /* gitTestUITests.xctest */ = {isa = PBXFileReference; explicitFileType = wrapper.cfbundle; includeInIndex = 0; path = gitTestUITests.xctest; sourceTree = BUILT_PRODUCTS_DIR; };
		1772AE9A209BE6B200A0278C /* gitTestUITests.swift */ = {isa = PBXFileReference; lastKnownFileType = sourcecode.swift; path = gitTestUITests.swift; sourceTree = "<group>"; };
		1772AE9C209BE6B200A0278C /* Info.plist */ = {isa = PBXFileReference; lastKnownFileType = text.plist.xml; path = Info.plist; sourceTree = "<group>"; };
/* End PBXFileReference section */

/* Begin PBXFrameworksBuildPhase section */
		1772AE74209BE6AE00A0278C /* Frameworks */ = {
			isa = PBXFrameworksBuildPhase;
			buildActionMask = 2147483647;
			files = (
			);
			runOnlyForDeploymentPostprocessing = 0;
		};
		1772AE88209BE6B200A0278C /* Frameworks */ = {
			isa = PBXFrameworksBuildPhase;
			buildActionMask = 2147483647;
			files = (
			);
			runOnlyForDeploymentPostprocessing = 0;
		};
		1772AE93209BE6B200A0278C /* Frameworks */ = {
			isa = PBXFrameworksBuildPhase;
			buildActionMask = 2147483647;
			files = (
			);
			runOnlyForDeploymentPostprocessing = 0;
		};
/* End PBXFrameworksBuildPhase section */

/* Begin PBXGroup section */
		1772AE6E209BE6AE00A0278C = {
			isa = PBXGroup;
			children = (
				1772AE79209BE6AE00A0278C /* gitTest */,
				1772AE8E209BE6B200A0278C /* gitTestTests */,
				1772AE99209BE6B200A0278C /* gitTestUITests */,
				1772AE78209BE6AE00A0278C /* Products */,
			);
			sourceTree = "<group>";
		};
		1772AE78209BE6AE00A0278C /* Products */ = {
			isa = PBXGroup;
			children = (
				1772AE77209BE6AE00A0278C /* gitTest.app */,
				1772AE8B209BE6B200A0278C /* gitTestTests.xctest */,
				1772AE96209BE6B200A0278C /* gitTestUITests.xctest */,
			);
			name = Products;
			sourceTree = "<group>";
		};
		1772AE79209BE6AE00A0278C /* gitTest */ = {
			isa = PBXGroup;
			children = (
				1772AE7A209BE6AE00A0278C /* AppDelegate.swift */,
				1772AE7C209BE6AE00A0278C /* ViewController.swift */,
				1772AE7E209BE6AE00A0278C /* Main.storyboard */,
				1772AE81209BE6B200A0278C /* Assets.xcassets */,
				1772AE83209BE6B200A0278C /* LaunchScreen.storyboard */,
				1772AE86209BE6B200A0278C /* Info.plist */,
			);
			path = gitTest;
			sourceTree = "<group>";
		};
		1772AE8E209BE6B200A0278C /* gitTestTests */ = {
			isa = PBXGroup;
			children = (
				1772AE8F209BE6B200A0278C /* gitTestTests.swift */,
				1772AE91209BE6B200A0278C /* Info.plist */,
			);
			path = gitTestTests;
			sourceTree = "<group>";
		};
		1772AE99209BE6B200A0278C /* gitTestUITests */ = {
			isa = PBXGroup;
			children = (
				1772AE9A209BE6B200A0278C /* gitTestUITests.swift */,
				1772AE9C209BE6B200A0278C /* Info.plist */,
			);
			path = gitTestUITests;
			sourceTree = "<group>";
		};
/* End PBXGroup section */

/* Begin PBXNativeTarget section */
		1772AE76209BE6AE00A0278C /* gitTest */ = {
			isa = PBXNativeTarget;
			buildConfigurationList = 1772AE9F209BE6B300A0278C /* Build configuration list for PBXNativeTarget "gitTest" */;
			buildPhases = (
				1772AE73209BE6AE00A0278C /* Sources */,
				1772AE74209BE6AE00A0278C /* Frameworks */,
				1772AE75209BE6AE00A0278C /* Resources */,
			);
			buildRules = (
			);
			dependencies = (
			);
			name = gitTest;
			productName = gitTest;
			productReference = 1772AE77209BE6AE00A0278C /* gitTest.app */;
			productType = "com.apple.product-type.application";
		};
		1772AE8A209BE6B200A0278C /* gitTestTests */ = {
			isa = PBXNativeTarget;
			buildConfigurationList = 1772AEA2209BE6B300A0278C /* Build configuration list for PBXNativeTarget "gitTestTests" */;
			buildPhases = (
				1772AE87209BE6B200A0278C /* Sources */,
				1772AE88209BE6B200A0278C /* Frameworks */,
				1772AE89209BE6B200A0278C /* Resources */,
			);
			buildRules = (
			);
			dependencies = (
				1772AE8D209BE6B200A0278C /* PBXTargetDependency */,
			);
			name = gitTestTests;
			productName = gitTestTests;
			productReference = 1772AE8B209BE6B200A0278C /* gitTestTests.xctest */;
			productType = "com.apple.product-type.bundle.unit-test";
		};
		1772AE95209BE6B200A0278C /* gitTestUITests */ = {
			isa = PBXNativeTarget;
			buildConfigurationList = 1772AEA5209BE6B300A0278C /* Build configuration list for PBXNativeTarget "gitTestUITests" */;
			buildPhases = (
				1772AE92209BE6B200A0278C /* Sources */,
				1772AE93209BE6B200A0278C /* Frameworks */,
				1772AE94209BE6B200A0278C /* Resources */,
			);
			buildRules = (
			);
			dependencies = (
				1772AE98209BE6B200A0278C /* PBXTargetDependency */,
			);
			name = gitTestUITests;
			productName = gitTestUITests;
			productReference = 1772AE96209BE6B200A0278C /* gitTestUITests.xctest */;
			productType = "com.apple.product-type.bundle.ui-testing";
		};
/* End PBXNativeTarget section */

/* Begin PBXProject section */
		1772AE6F209BE6AE00A0278C /* Project object */ = {
			isa = PBXProject;
			attributes = {
				LastSwiftUpdateCheck = 0930;
				LastUpgradeCheck = 0930;
				ORGANIZATIONNAME = "zhishen－mac";
				TargetAttributes = {
					1772AE76209BE6AE00A0278C = {
						CreatedOnToolsVersion = 9.3;
					};
					1772AE8A209BE6B200A0278C = {
						CreatedOnToolsVersion = 9.3;
						TestTargetID = 1772AE76209BE6AE00A0278C;
					};
					1772AE95209BE6B200A0278C = {
						CreatedOnToolsVersion = 9.3;
						TestTargetID = 1772AE76209BE6AE00A0278C;
					};
				};
			};
			buildConfigurationList = 1772AE72209BE6AE00A0278C /* Build configuration list for PBXProject "gitTest" */;
			compatibilityVersion = "Xcode 9.3";
			developmentRegion = en;
			hasScannedForEncodings = 0;
			knownRegions = (
				en,
				Base,
			);
			mainGroup = 1772AE6E209BE6AE00A0278C;
			productRefGroup = 1772AE78209BE6AE00A0278C /* Products */;
			projectDirPath = "";
			projectRoot = "";
			targets = (
				1772AE76209BE6AE00A0278C /* gitTest */,
				1772AE8A209BE6B200A0278C /* gitTestTests */,
				1772AE95209BE6B200A0278C /* gitTestUITests */,
			);
		};
/* End PBXProject section */

/* Begin PBXResourcesBuildPhase section */
		1772AE75209BE6AE00A0278C /* Resources */ = {
			isa = PBXResourcesBuildPhase;
			buildActionMask = 2147483647;
			files = (
				1772AE85209BE6B200A0278C /* LaunchScreen.storyboard in Resources */,
				1772AE82209BE6B200A0278C /* Assets.xcassets in Resources */,
				1772AE80209BE6AE00A0278C /* Main.storyboard in Resources */,
			);
			runOnlyForDeploymentPostprocessing = 0;
		};
		1772AE89209BE6B200A0278C /* Resources */ = {
			isa = PBXResourcesBuildPhase;
			buildActionMask = 2147483647;
			files = (
			);
			runOnlyForDeploymentPostprocessing = 0;
		};
		1772AE94209BE6B200A0278C /* Resources */ = {
			isa = PBXResourcesBuildPhase;
			buildActionMask = 2147483647;
			files = (
			);
			runOnlyForDeploymentPostprocessing = 0;
		};
/* End PBXResourcesBuildPhase section */

/* Begin PBXSourcesBuildPhase section */
		1772AE73209BE6AE00A0278C /* Sources */ = {
			isa = PBXSourcesBuildPhase;
			buildActionMask = 2147483647;
			files = (
				1772AE7D209BE6AE00A0278C /* ViewController.swift in Sources */,
				1772AE7B209BE6AE00A0278C /* AppDelegate.swift in Sources */,
			);
			runOnlyForDeploymentPostprocessing = 0;
		};
		1772AE87209BE6B200A0278C /* Sources */ = {
			isa = PBXSourcesBuildPhase;
			buildActionMask = 2147483647;
			files = (
				1772AE90209BE6B200A0278C /* gitTestTests.swift in Sources */,
			);
			runOnlyForDeploymentPostprocessing = 0;
		};
		1772AE92209BE6B200A0278C /* Sources */ = {
			isa = PBXSourcesBuildPhase;
			buildActionMask = 2147483647;
			files = (
				1772AE9B209BE6B200A0278C /* gitTestUITests.swift in Sources */,
			);
			runOnlyForDeploymentPostprocessing = 0;
		};
/* End PBXSourcesBuildPhase section */

/* Begin PBXTargetDependency section */
		1772AE8D209BE6B200A0278C /* PBXTargetDependency */ = {
			isa = PBXTargetDependency;
			target = 1772AE76209BE6AE00A0278C /* gitTest */;
			targetProxy = 1772AE8C209BE6B200A0278C /* PBXContainerItemProxy */;
		};
		1772AE98209BE6B200A0278C /* PBXTargetDependency */ = {
			isa = PBXTargetDependency;
			target = 1772AE76209BE6AE00A0278C /* gitTest */;
			targetProxy = 1772AE97209BE6B200A0278C /* PBXContainerItemProxy */;
		};
/* End PBXTargetDependency section */

/* Begin PBXVariantGroup section */
		1772AE7E209BE6AE00A0278C /* Main.storyboard */ = {
			isa = PBXVariantGroup;
			children = (
				1772AE7F209BE6AE00A0278C /* Base */,
			);
			name = Main.storyboard;
			sourceTree = "<group>";
		};
		1772AE83209BE6B200A0278C /* LaunchScreen.storyboard */ = {
			isa = PBXVariantGroup;
			children = (
				1772AE84209BE6B200A0278C /* Base */,
			);
			name = LaunchScreen.storyboard;
			sourceTree = "<group>";
		};
/* End PBXVariantGroup section */

/* Begin XCBuildConfiguration section */
		1772AE9D209BE6B300A0278C /* Debug */ = {
			isa = XCBuildConfiguration;
			buildSettings = {
				ALWAYS_SEARCH_USER_PATHS = NO;
				CLANG_ANALYZER_NONNULL = YES;
				CLANG_ANALYZER_NUMBER_OBJECT_CONVERSION = YES_AGGRESSIVE;
				CLANG_CXX_LANGUAGE_STANDARD = "gnu++14";
				CLANG_CXX_LIBRARY = "libc++";
				CLANG_ENABLE_MODULES = YES;
				CLANG_ENABLE_OBJC_ARC = YES;
				CLANG_ENABLE_OBJC_WEAK = YES;
				CLANG_WARN_BLOCK_CAPTURE_AUTORELEASING = YES;
				CLANG_WARN_BOOL_CONVERSION = YES;
				CLANG_WARN_COMMA = YES;
				CLANG_WARN_CONSTANT_CONVERSION = YES;
				CLANG_WARN_DEPRECATED_OBJC_IMPLEMENTATIONS = YES;
				CLANG_WARN_DIRECT_OBJC_ISA_USAGE = YES_ERROR;
				CLANG_WARN_DOCUMENTATION_COMMENTS = YES;
				CLANG_WARN_EMPTY_BODY = YES;
				CLANG_WARN_ENUM_CONVERSION = YES;
				CLANG_WARN_INFINITE_RECURSION = YES;
				CLANG_WARN_INT_CONVERSION = YES;
				CLANG_WARN_NON_LITERAL_NULL_CONVERSION = YES;
				CLANG_WARN_OBJC_IMPLICIT_RETAIN_SELF = YES;
				CLANG_WARN_OBJC_LITERAL_CONVERSION = YES;
				CLANG_WARN_OBJC_ROOT_CLASS = YES_ERROR;
				CLANG_WARN_RANGE_LOOP_ANALYSIS = YES;
				CLANG_WARN_STRICT_PROTOTYPES = YES;
				CLANG_WARN_SUSPICIOUS_MOVE = YES;
				CLANG_WARN_UNGUARDED_AVAILABILITY = YES_AGGRESSIVE;
				CLANG_WARN_UNREACHABLE_CODE = YES;
				CLANG_WARN__DUPLICATE_METHOD_MATCH = YES;
				CODE_SIGN_IDENTITY = "iPhone Developer";
				COPY_PHASE_STRIP = NO;
				DEBUG_INFORMATION_FORMAT = dwarf;
				ENABLE_STRICT_OBJC_MSGSEND = YES;
				ENABLE_TESTABILITY = YES;
				GCC_C_LANGUAGE_STANDARD = gnu11;
				GCC_DYNAMIC_NO_PIC = NO;
				GCC_NO_COMMON_BLOCKS = YES;
				GCC_OPTIMIZATION_LEVEL = 0;
				GCC_PREPROCESSOR_DEFINITIONS = (
					"DEBUG=1",
					"$(inherited)",
				);
				GCC_WARN_64_TO_32_BIT_CONVERSION = YES;
				GCC_WARN_ABOUT_RETURN_TYPE = YES_ERROR;
				GCC_WARN_UNDECLARED_SELECTOR = YES;
				GCC_WARN_UNINITIALIZED_AUTOS = YES_AGGRESSIVE;
				GCC_WARN_UNUSED_FUNCTION = YES;
				GCC_WARN_UNUSED_VARIABLE = YES;
				IPHONEOS_DEPLOYMENT_TARGET = 11.3;
				MTL_ENABLE_DEBUG_INFO = YES;
				ONLY_ACTIVE_ARCH = YES;
				SDKROOT = iphoneos;
				SWIFT_ACTIVE_COMPILATION_CONDITIONS = DEBUG;
				SWIFT_OPTIMIZATION_LEVEL = "-Onone";
			};
			name = Debug;
		};
		1772AE9E209BE6B300A0278C /* Release */ = {
			isa = XCBuildConfiguration;
			buildSettings = {
				ALWAYS_SEARCH_USER_PATHS = NO;
				CLANG_ANALYZER_NONNULL = YES;
				CLANG_ANALYZER_NUMBER_OBJECT_CONVERSION = YES_AGGRESSIVE;
				CLANG_CXX_LANGUAGE_STANDARD = "gnu++14";
				CLANG_CXX_LIBRARY = "libc++";
				CLANG_ENABLE_MODULES = YES;
				CLANG_ENABLE_OBJC_ARC = YES;
				CLANG_ENABLE_OBJC_WEAK = YES;
				CLANG_WARN_BLOCK_CAPTURE_AUTORELEASING = YES;
				CLANG_WARN_BOOL_CONVERSION = YES;
				CLANG_WARN_COMMA = YES;
				CLANG_WARN_CONSTANT_CONVERSION = YES;
				CLANG_WARN_DEPRECATED_OBJC_IMPLEMENTATIONS = YES;
				CLANG_WARN_DIRECT_OBJC_ISA_USAGE = YES_ERROR;
				CLANG_WARN_DOCUMENTATION_COMMENTS = YES;
				CLANG_WARN_EMPTY_BODY = YES;
				CLANG_WARN_ENUM_CONVERSION = YES;
				CLANG_WARN_INFINITE_RECURSION = YES;
				CLANG_WARN_INT_CONVERSION = YES;
				CLANG_WARN_NON_LITERAL_NULL_CONVERSION = YES;
				CLANG_WARN_OBJC_IMPLICIT_RETAIN_SELF = YES;
				CLANG_WARN_OBJC_LITERAL_CONVERSION = YES;
				CLANG_WARN_OBJC_ROOT_CLASS = YES_ERROR;
				CLANG_WARN_RANGE_LOOP_ANALYSIS = YES;
				CLANG_WARN_STRICT_PROTOTYPES = YES;
				CLANG_WARN_SUSPICIOUS_MOVE = YES;
				CLANG_WARN_UNGUARDED_AVAILABILITY = YES_AGGRESSIVE;
				CLANG_WARN_UNREACHABLE_CODE = YES;
				CLANG_WARN__DUPLICATE_METHOD_MATCH = YES;
				CODE_SIGN_IDENTITY = "iPhone Developer";
				COPY_PHASE_STRIP = NO;
				DEBUG_INFORMATION_FORMAT = "dwarf-with-dsym";
				ENABLE_NS_ASSERTIONS = NO;
				ENABLE_STRICT_OBJC_MSGSEND = YES;
				GCC_C_LANGUAGE_STANDARD = gnu11;
				GCC_NO_COMMON_BLOCKS = YES;
				GCC_WARN_64_TO_32_BIT_CONVERSION = YES;
				GCC_WARN_ABOUT_RETURN_TYPE = YES_ERROR;
				GCC_WARN_UNDECLARED_SELECTOR = YES;
				GCC_WARN_UNINITIALIZED_AUTOS = YES_AGGRESSIVE;
				GCC_WARN_UNUSED_FUNCTION = YES;
				GCC_WARN_UNUSED_VARIABLE = YES;
				IPHONEOS_DEPLOYMENT_TARGET = 11.3;
				MTL_ENABLE_DEBUG_INFO = NO;
				SDKROOT = iphoneos;
				SWIFT_COMPILATION_MODE = wholemodule;
				SWIFT_OPTIMIZATION_LEVEL = "-O";
				VALIDATE_PRODUCT = YES;
			};
			name = Release;
		};
		1772AEA0209BE6B300A0278C /* Debug */ = {
			isa = XCBuildConfiguration;
			buildSettings = {
				ASSETCATALOG_COMPILER_APPICON_NAME = AppIcon;
				CODE_SIGN_STYLE = Automatic;
				DEVELOPMENT_TEAM = NU49PVLB9F;
				INFOPLIST_FILE = gitTest/Info.plist;
				LD_RUNPATH_SEARCH_PATHS = (
					"$(inherited)",
					"@executable_path/Frameworks",
				);
				PRODUCT_BUNDLE_IDENTIFIER = com.jh.gitTest;
				PRODUCT_NAME = "$(TARGET_NAME)";
				SWIFT_VERSION = 4.0;
				TARGETED_DEVICE_FAMILY = "1,2";
			};
			name = Debug;
		};
		1772AEA1209BE6B300A0278C /* Release */ = {
			isa = XCBuildConfiguration;
			buildSettings = {
				ASSETCATALOG_COMPILER_APPICON_NAME = AppIcon;
				CODE_SIGN_STYLE = Automatic;
				DEVELOPMENT_TEAM = NU49PVLB9F;
				INFOPLIST_FILE = gitTest/Info.plist;
				LD_RUNPATH_SEARCH_PATHS = (
					"$(inherited)",
					"@executable_path/Frameworks",
				);
				PRODUCT_BUNDLE_IDENTIFIER = com.jh.gitTest;
				PRODUCT_NAME = "$(TARGET_NAME)";
				SWIFT_VERSION = 4.0;
				TARGETED_DEVICE_FAMILY = "1,2";
			};
			name = Release;
		};
		1772AEA3209BE6B300A0278C /* Debug */ = {
			isa = XCBuildConfiguration;
			buildSettings = {
				ALWAYS_EMBED_SWIFT_STANDARD_LIBRARIES = YES;
				BUNDLE_LOADER = "$(TEST_HOST)";
				CODE_SIGN_STYLE = Automatic;
				DEVELOPMENT_TEAM = NU49PVLB9F;
				INFOPLIST_FILE = gitTestTests/Info.plist;
				LD_RUNPATH_SEARCH_PATHS = (
					"$(inherited)",
					"@executable_path/Frameworks",
					"@loader_path/Frameworks",
				);
				PRODUCT_BUNDLE_IDENTIFIER = com.jh.gitTestTests;
				PRODUCT_NAME = "$(TARGET_NAME)";
				SWIFT_VERSION = 4.0;
				TARGETED_DEVICE_FAMILY = "1,2";
				TEST_HOST = "$(BUILT_PRODUCTS_DIR)/gitTest.app/gitTest";
			};
			name = Debug;
		};
		1772AEA4209BE6B300A0278C /* Release */ = {
			isa = XCBuildConfiguration;
			buildSettings = {
				ALWAYS_EMBED_SWIFT_STANDARD_LIBRARIES = YES;
				BUNDLE_LOADER = "$(TEST_HOST)";
				CODE_SIGN_STYLE = Automatic;
				DEVELOPMENT_TEAM = NU49PVLB9F;
				INFOPLIST_FILE = gitTestTests/Info.plist;
				LD_RUNPATH_SEARCH_PATHS = (
					"$(inherited)",
					"@executable_path/Frameworks",
					"@loader_path/Frameworks",
				);
				PRODUCT_BUNDLE_IDENTIFIER = com.jh.gitTestTests;
				PRODUCT_NAME = "$(TARGET_NAME)";
				SWIFT_VERSION = 4.0;
				TARGETED_DEVICE_FAMILY = "1,2";
				TEST_HOST = "$(BUILT_PRODUCTS_DIR)/gitTest.app/gitTest";
			};
			name = Release;
		};
		1772AEA6209BE6B300A0278C /* Debug */ = {
			isa = XCBuildConfiguration;
			buildSettings = {
				ALWAYS_EMBED_SWIFT_STANDARD_LIBRARIES = YES;
				CODE_SIGN_STYLE = Automatic;
				DEVELOPMENT_TEAM = NU49PVLB9F;
				INFOPLIST_FILE = gitTestUITests/Info.plist;
				LD_RUNPATH_SEARCH_PATHS = (
					"$(inherited)",
					"@executable_path/Frameworks",
					"@loader_path/Frameworks",
				);
				PRODUCT_BUNDLE_IDENTIFIER = com.jh.gitTestUITests;
				PRODUCT_NAME = "$(TARGET_NAME)";
				SWIFT_VERSION = 4.0;
				TARGETED_DEVICE_FAMILY = "1,2";
				TEST_TARGET_NAME = gitTest;
			};
			name = Debug;
		};
		1772AEA7209BE6B300A0278C /* Release */ = {
			isa = XCBuildConfiguration;
			buildSettings = {
				ALWAYS_EMBED_SWIFT_STANDARD_LIBRARIES = YES;
				CODE_SIGN_STYLE = Automatic;
				DEVELOPMENT_TEAM = NU49PVLB9F;
				INFOPLIST_FILE = gitTestUITests/Info.plist;
				LD_RUNPATH_SEARCH_PATHS = (
					"$(inherited)",
					"@executable_path/Frameworks",
					"@loader_path/Frameworks",
				);
				PRODUCT_BUNDLE_IDENTIFIER = com.jh.gitTestUITests;
				PRODUCT_NAME = "$(TARGET_NAME)";
				SWIFT_VERSION = 4.0;
				TARGETED_DEVICE_FAMILY = "1,2";
				TEST_TARGET_NAME = gitTest;
			};
			name = Release;
		};
/* End XCBuildConfiguration section */

/* Begin XCConfigurationList section */
		1772AE72209BE6AE00A0278C /* Build configuration list for PBXProject "gitTest" */ = {
			isa = XCConfigurationList;
			buildConfigurations = (
				1772AE9D209BE6B300A0278C /* Debug */,
				1772AE9E209BE6B300A0278C /* Release */,
			);
			defaultConfigurationIsVisible = 0;
			defaultConfigurationName = Release;
		};
		1772AE9F209BE6B300A0278C /* Build configuration list for PBXNativeTarget "gitTest" */ = {
			isa = XCConfigurationList;
			buildConfigurations = (
				1772AEA0209BE6B300A0278C /* Debug */,
				1772AEA1209BE6B300A0278C /* Release */,
			);
			defaultConfigurationIsVisible = 0;
			defaultConfigurationName = Release;
		};
		1772AEA2209BE6B300A0278C /* Build configuration list for PBXNativeTarget "gitTestTests" */ = {
			isa = XCConfigurationList;
			buildConfigurations = (
				1772AEA3209BE6B300A0278C /* Debug */,
				1772AEA4209BE6B300A0278C /* Release */,
			);
			defaultConfigurationIsVisible = 0;
			defaultConfigurationName = Release;
		};
		1772AEA5209BE6B300A0278C /* Build configuration list for PBXNativeTarget "gitTestUITests" */ = {
			isa = XCConfigurationList;
			buildConfigurations = (
				1772AEA6209BE6B300A0278C /* Debug */,
				1772AEA7209BE6B300A0278C /* Release */,
			);
			defaultConfigurationIsVisible = 0;
			defaultConfigurationName = Release;
		};
/* End XCConfigurationList section */
	};
	rootObject = 1772AE6F209BE6AE00A0278C /* Project object */;
}
